// !$*UTF8*$!
{
	archiveVersion = 1;
	classes = {
	};
	objectVersion = 71;
	objects = {

/* Begin PBXBuildFile section */
		111111111111111111111101 /* PictureWordApp.swift in Sources */ = {isa = PBXBuildFile; fileRef = 222222222222222222222201 /* PictureWordApp.swift */; };
		111111111111111111111102 /* AnalyzeModels.swift in Sources */ = {isa = PBXBuildFile; fileRef = 222222222222222222222202 /* AnalyzeModels.swift */; };
		111111111111111111111103 /* ImageProcessor.swift in Sources */ = {isa = PBXBuildFile; fileRef = 222222222222222222222203 /* ImageProcessor.swift */; };
		111111111111111111111104 /* APIClient.swift in Sources */ = {isa = PBXBuildFile; fileRef = 222222222222222222222204 /* APIClient.swift */; };
		111111111111111111111105 /* SpeechService.swift in Sources */ = {isa = PBXBuildFile; fileRef = 222222222222222222222205 /* SpeechService.swift */; };
		111111111111111111111106 /* CameraView.swift in Sources */ = {isa = PBXBuildFile; fileRef = 222222222222222222222206 /* CameraView.swift */; };
		111111111111111111111107 /* HomeView.swift in Sources */ = {isa = PBXBuildFile; fileRef = 222222222222222222222207 /* HomeView.swift */; };
		111111111111111111111108 /* HistoryStore.swift in Sources */ = {isa = PBXBuildFile; fileRef = 222222222222222222222209 /* HistoryStore.swift */; };
		111111111111111111111109 /* AppEnvironment.swift in Sources */ = {isa = PBXBuildFile; fileRef = 222222222222222222222211 /* AppEnvironment.swift */; };
		11111111111111111111110A /* AppTheme.swift in Sources */ = {isa = PBXBuildFile; fileRef = 222222222222222222222212 /* AppTheme.swift */; };
		11111111111111111111110B /* HistoryRecord.swift in Sources */ = {isa = PBXBuildFile; fileRef = 222222222222222222222213 /* HistoryRecord.swift */; };
		11111111111111111111110C /* HistoryRow.swift in Sources */ = {isa = PBXBuildFile; fileRef = 222222222222222222222214 /* HistoryRow.swift */; };
		11111111111111111111110D /* AnalysisViewModel.swift in Sources */ = {isa = PBXBuildFile; fileRef = 222222222222222222222215 /* AnalysisViewModel.swift */; };
		11111111111111111111110E /* RecognitionFlowView.swift in Sources */ = {isa = PBXBuildFile; fileRef = 222222222222222222222216 /* RecognitionFlowView.swift */; };
		11111111111111111111110F /* ResultView.swift in Sources */ = {isa = PBXBuildFile; fileRef = 222222222222222222222217 /* ResultView.swift */; };
		111111111111111111111110 /* AnnotatedImageView.swift in Sources */ = {isa = PBXBuildFile; fileRef = 222222222222222222222218 /* AnnotatedImageView.swift */; };
		111111111111111111111111 /* AnnotationLayoutEngine.swift in Sources */ = {isa = PBXBuildFile; fileRef = 222222222222222222222219 /* AnnotationLayoutEngine.swift */; };
		111111111111111111111112 /* WordDetailSheet.swift in Sources */ = {isa = PBXBuildFile; fileRef = 22222222222222222222221A /* WordDetailSheet.swift */; };
		111111111111111111111113 /* AppSettings.swift in Sources */ = {isa = PBXBuildFile; fileRef = 22222222222222222222221B /* AppSettings.swift */; };
		111111111111111111111114 /* ContentModels.swift in Sources */ = {isa = PBXBuildFile; fileRef = 22222222222222222222221C /* ContentModels.swift */; };
		111111111111111111111115 /* SettingsView.swift in Sources */ = {isa = PBXBuildFile; fileRef = 22222222222222222222221D /* SettingsView.swift */; };
		111111111111111111111116 /* LearningJourneyModels.swift in Sources */ = {isa = PBXBuildFile; fileRef = 22222222222222222222221E /* LearningJourneyModels.swift */; };
		111111111111111111111117 /* LearningJourneyStore.swift in Sources */ = {isa = PBXBuildFile; fileRef = 22222222222222222222221F /* LearningJourneyStore.swift */; };
		111111111111111111111118 /* ModeSelectionView.swift in Sources */ = {isa = PBXBuildFile; fileRef = 222222222222222222222220 /* ModeSelectionView.swift */; };
		111111111111111111111119 /* ShareCardRenderer.swift in Sources */ = {isa = PBXBuildFile; fileRef = 222222222222222222222221 /* ShareCardRenderer.swift */; };
		11111111111111111111111A /* ShareCardView.swift in Sources */ = {isa = PBXBuildFile; fileRef = 222222222222222222222222 /* ShareCardView.swift */; };
		11111111111111111111111B /* PageHeader.swift in Sources */ = {isa = PBXBuildFile; fileRef = 222222222222222222222223 /* PageHeader.swift */; };
		11111111111111111111111C /* PictureWordButton.swift in Sources */ = {isa = PBXBuildFile; fileRef = 222222222222222222222224 /* PictureWordButton.swift */; };
		11111111111111111111111D /* PictureWordSheet.swift in Sources */ = {isa = PBXBuildFile; fileRef = 222222222222222222222225 /* PictureWordSheet.swift */; };
		11111111111111111111111E /* MembershipStore.swift in Sources */ = {isa = PBXBuildFile; fileRef = 222222222222222222222226 /* MembershipStore.swift */; };
		11111111111111111111111F /* PaywallView.swift in Sources */ = {isa = PBXBuildFile; fileRef = 222222222222222222222227 /* PaywallView.swift */; };
		111111111111111111111120 /* WordLearningModels.swift in Sources */ = {isa = PBXBuildFile; fileRef = 222222222222222222222228 /* WordLearningModels.swift */; };
		111111111111111111111121 /* WordLearningStore.swift in Sources */ = {isa = PBXBuildFile; fileRef = 222222222222222222222229 /* WordLearningStore.swift */; };
		111111111111111111111122 /* WordLearningViews.swift in Sources */ = {isa = PBXBuildFile; fileRef = 22222222222222222222222A /* WordLearningViews.swift */; };
		111111111111111111111123 /* WordFilterControls.swift in Sources */ = {isa = PBXBuildFile; fileRef = 22222222222222222222222B /* WordFilterControls.swift */; };
		111111111111111111111124 /* PictureWordTextField.swift in Sources */ = {isa = PBXBuildFile; fileRef = 22222222222222222222222C /* PictureWordTextField.swift */; };
		A931C8C030407ED6002F4806 /* StoreKit.framework in Frameworks */ = {isa = PBXBuildFile; fileRef = A931C8BF30407ED6002F4806 /* StoreKit.framework */; };
		A96C244C303D79F8009BAAFD /* Assets.xcassets in Resources */ = {isa = PBXBuildFile; fileRef = A96C244B303D79F8009BAAFD /* Assets.xcassets */; };
		D00000000000000000000001 /* WordLearningStoreTests.swift in Sources */ = {isa = PBXBuildFile; fileRef = D00000000000000000000002 /* WordLearningStoreTests.swift */; };
		D00000000000000000000003 /* XCTest.framework in Frameworks */ = {isa = PBXBuildFile; fileRef = D00000000000000000000004 /* XCTest.framework */; };
		D00000000000000000000010 /* MembershipStoreTests.swift in Sources */ = {isa = PBXBuildFile; fileRef = D00000000000000000000011 /* MembershipStoreTests.swift */; };
		D00000000000000000000012 /* AnnotationLayoutEngineTests.swift in Sources */ = {isa = PBXBuildFile; fileRef = D00000000000000000000013 /* AnnotationLayoutEngineTests.swift */; };
		D00000000000000000000015 /* AnalysisViewModelTests.swift in Sources */ = {isa = PBXBuildFile; fileRef = D00000000000000000000014 /* AnalysisViewModelTests.swift */; };
/* End PBXBuildFile section */

/* Begin PBXContainerItemProxy section */
		D00000000000000000000006 /* PBXContainerItemProxy */ = {
			isa = PBXContainerItemProxy;
			containerPortal = 999999999999999999999901 /* Project object */;
			proxyType = 1;
			remoteGlobalIDString = 555555555555555555555501;
			remoteInfo = PictureWord;
		};
/* End PBXContainerItemProxy section */

/* Begin PBXFileReference section */
		222222222222222222222201 /* PictureWordApp.swift */ = {isa = PBXFileReference; lastKnownFileType = sourcecode.swift; path = PictureWordApp.swift; sourceTree = "<group>"; };
		222222222222222222222202 /* AnalyzeModels.swift */ = {isa = PBXFileReference; lastKnownFileType = sourcecode.swift; path = AnalyzeModels.swift; sourceTree = "<group>"; };
		222222222222222222222203 /* ImageProcessor.swift */ = {isa = PBXFileReference; lastKnownFileType = sourcecode.swift; path = ImageProcessor.swift; sourceTree = "<group>"; };
		222222222222222222222204 /* APIClient.swift */ = {isa = PBXFileReference; lastKnownFileType = sourcecode.swift; path = APIClient.swift; sourceTree = "<group>"; };
		222222222222222222222205 /* SpeechService.swift */ = {isa = PBXFileReference; lastKnownFileType = sourcecode.swift; path = SpeechService.swift; sourceTree = "<group>"; };
		222222222222222222222206 /* CameraView.swift */ = {isa = PBXFileReference; lastKnownFileType = sourcecode.swift; path = CameraView.swift; sourceTree = "<group>"; };
		222222222222222222222207 /* HomeView.swift */ = {isa = PBXFileReference; lastKnownFileType = sourcecode.swift; path = HomeView.swift; sourceTree = "<group>"; };
		222222222222222222222208 /* Info.plist */ = {isa = PBXFileReference; lastKnownFileType = text.plist.xml; path = Info.plist; sourceTree = "<group>"; };
		222222222222222222222209 /* HistoryStore.swift */ = {isa = PBXFileReference; lastKnownFileType = sourcecode.swift; path = HistoryStore.swift; sourceTree = "<group>"; };
		222222222222222222222210 /* PictureWord.app */ = {isa = PBXFileReference; explicitFileType = wrapper.application; includeInIndex = 0; path = PictureWord.app; sourceTree = BUILT_PRODUCTS_DIR; };
		222222222222222222222211 /* AppEnvironment.swift */ = {isa = PBXFileReference; lastKnownFileType = sourcecode.swift; path = AppEnvironment.swift; sourceTree = "<group>"; };
		222222222222222222222212 /* AppTheme.swift */ = {isa = PBXFileReference; lastKnownFileType = sourcecode.swift; path = AppTheme.swift; sourceTree = "<group>"; };
		222222222222222222222213 /* HistoryRecord.swift */ = {isa = PBXFileReference; lastKnownFileType = sourcecode.swift; path = HistoryRecord.swift; sourceTree = "<group>"; };
		222222222222222222222214 /* HistoryRow.swift */ = {isa = PBXFileReference; lastKnownFileType = sourcecode.swift; path = HistoryRow.swift; sourceTree = "<group>"; };
		222222222222222222222215 /* AnalysisViewModel.swift */ = {isa = PBXFileReference; lastKnownFileType = sourcecode.swift; path = AnalysisViewModel.swift; sourceTree = "<group>"; };
		222222222222222222222216 /* RecognitionFlowView.swift */ = {isa = PBXFileReference; lastKnownFileType = sourcecode.swift; path = RecognitionFlowView.swift; sourceTree = "<group>"; };
		222222222222222222222217 /* ResultView.swift */ = {isa = PBXFileReference; lastKnownFileType = sourcecode.swift; path = ResultView.swift; sourceTree = "<group>"; };
		222222222222222222222218 /* AnnotatedImageView.swift */ = {isa = PBXFileReference; lastKnownFileType = sourcecode.swift; path = AnnotatedImageView.swift; sourceTree = "<group>"; };
		222222222222222222222219 /* AnnotationLayoutEngine.swift */ = {isa = PBXFileReference; lastKnownFileType = sourcecode.swift; path = AnnotationLayoutEngine.swift; sourceTree = "<group>"; };
		22222222222222222222221A /* WordDetailSheet.swift */ = {isa = PBXFileReference; lastKnownFileType = sourcecode.swift; path = WordDetailSheet.swift; sourceTree = "<group>"; };
		22222222222222222222221B /* AppSettings.swift */ = {isa = PBXFileReference; lastKnownFileType = sourcecode.swift; path = AppSettings.swift; sourceTree = "<group>"; };
		22222222222222222222221C /* ContentModels.swift */ = {isa = PBXFileReference; lastKnownFileType = sourcecode.swift; path = ContentModels.swift; sourceTree = "<group>"; };
		22222222222222222222221D /* SettingsView.swift */ = {isa = PBXFileReference; lastKnownFileType = sourcecode.swift; path = SettingsView.swift; sourceTree = "<group>"; };
		22222222222222222222221E /* LearningJourneyModels.swift */ = {isa = PBXFileReference; lastKnownFileType = sourcecode.swift; path = LearningJourneyModels.swift; sourceTree = "<group>"; };
		22222222222222222222221F /* LearningJourneyStore.swift */ = {isa = PBXFileReference; lastKnownFileType = sourcecode.swift; path = LearningJourneyStore.swift; sourceTree = "<group>"; };
		222222222222222222222220 /* ModeSelectionView.swift */ = {isa = PBXFileReference; lastKnownFileType = sourcecode.swift; path = ModeSelectionView.swift; sourceTree = "<group>"; };
		222222222222222222222221 /* ShareCardRenderer.swift */ = {isa = PBXFileReference; lastKnownFileType = sourcecode.swift; path = ShareCardRenderer.swift; sourceTree = "<group>"; };
		222222222222222222222222 /* ShareCardView.swift */ = {isa = PBXFileReference; lastKnownFileType = sourcecode.swift; path = ShareCardView.swift; sourceTree = "<group>"; };
		222222222222222222222223 /* PageHeader.swift */ = {isa = PBXFileReference; lastKnownFileType = sourcecode.swift; path = PageHeader.swift; sourceTree = "<group>"; };
		222222222222222222222224 /* PictureWordButton.swift */ = {isa = PBXFileReference; lastKnownFileType = sourcecode.swift; path = PictureWordButton.swift; sourceTree = "<group>"; };
		222222222222222222222225 /* PictureWordSheet.swift */ = {isa = PBXFileReference; lastKnownFileType = sourcecode.swift; path = PictureWordSheet.swift; sourceTree = "<group>"; };
		222222222222222222222226 /* MembershipStore.swift */ = {isa = PBXFileReference; lastKnownFileType = sourcecode.swift; path = MembershipStore.swift; sourceTree = "<group>"; };
		222222222222222222222227 /* PaywallView.swift */ = {isa = PBXFileReference; lastKnownFileType = sourcecode.swift; path = PaywallView.swift; sourceTree = "<group>"; };
		222222222222222222222228 /* WordLearningModels.swift */ = {isa = PBXFileReference; lastKnownFileType = sourcecode.swift; path = WordLearningModels.swift; sourceTree = "<group>"; };
		222222222222222222222229 /* WordLearningStore.swift */ = {isa = PBXFileReference; lastKnownFileType = sourcecode.swift; path = WordLearningStore.swift; sourceTree = "<group>"; };
		22222222222222222222222A /* WordLearningViews.swift */ = {isa = PBXFileReference; lastKnownFileType = sourcecode.swift; path = WordLearningViews.swift; sourceTree = "<group>"; };
		22222222222222222222222B /* WordFilterControls.swift */ = {isa = PBXFileReference; lastKnownFileType = sourcecode.swift; path = WordFilterControls.swift; sourceTree = "<group>"; };
		22222222222222222222222C /* PictureWordTextField.swift */ = {isa = PBXFileReference; lastKnownFileType = sourcecode.swift; path = PictureWordTextField.swift; sourceTree = "<group>"; };
		22222222222222222222222D /* Info-Debug.plist */ = {isa = PBXFileReference; lastKnownFileType = text.plist.xml; path = "Info-Debug.plist"; sourceTree = "<group>"; };
		A931C8BD303EDCE6002F4806 /* KakawordSubscriptions.storekit */ = {isa = PBXFileReference; lastKnownFileType = text; path = KakawordSubscriptions.storekit; sourceTree = "<group>"; };
		A931C8BF30407ED6002F4806 /* StoreKit.framework */ = {isa = PBXFileReference; lastKnownFileType = wrapper.framework; name = StoreKit.framework; path = Platforms/iPhoneOS.platform/Developer/SDKs/iPhoneOS26.0.sdk/System/Library/Frameworks/StoreKit.framework; sourceTree = DEVELOPER_DIR; };
		A96C244B303D79F8009BAAFD /* Assets.xcassets */ = {isa = PBXFileReference; lastKnownFileType = folder.assetcatalog; path = Assets.xcassets; sourceTree = "<group>"; };
		D00000000000000000000002 /* WordLearningStoreTests.swift */ = {isa = PBXFileReference; lastKnownFileType = sourcecode.swift; path = WordLearningStoreTests.swift; sourceTree = "<group>"; };
		D00000000000000000000004 /* XCTest.framework */ = {isa = PBXFileReference; lastKnownFileType = wrapper.framework; name = XCTest.framework; path = System/Library/Frameworks/XCTest.framework; sourceTree = SDKROOT; };
		D00000000000000000000005 /* PictureWordTests.xctest */ = {isa = PBXFileReference; explicitFileType = wrapper.cfbundle; includeInIndex = 0; path = PictureWordTests.xctest; sourceTree = BUILT_PRODUCTS_DIR; };
		D00000000000000000000011 /* MembershipStoreTests.swift */ = {isa = PBXFileReference; lastKnownFileType = sourcecode.swift; path = MembershipStoreTests.swift; sourceTree = "<group>"; };
		D00000000000000000000013 /* AnnotationLayoutEngineTests.swift */ = {isa = PBXFileReference; lastKnownFileType = sourcecode.swift; path = AnnotationLayoutEngineTests.swift; sourceTree = "<group>"; };
		D00000000000000000000014 /* AnalysisViewModelTests.swift */ = {isa = PBXFileReference; lastKnownFileType = sourcecode.swift; path = AnalysisViewModelTests.swift; sourceTree = "<group>"; };
/* End PBXFileReference section */

/* Begin PBXFrameworksBuildPhase section */
		333333333333333333333301 /* Frameworks */ = {
			isa = PBXFrameworksBuildPhase;
			buildActionMask = 2147483647;
			files = (
				A931C8C030407ED6002F4806 /* StoreKit.framework in Frameworks */,
			);
			runOnlyForDeploymentPostprocessing = 0;
		};
		D00000000000000000000007 /* Frameworks */ = {
			isa = PBXFrameworksBuildPhase;
			buildActionMask = 2147483647;
			files = (
				D00000000000000000000003 /* XCTest.framework in Frameworks */,
			);
			runOnlyForDeploymentPostprocessing = 0;
		};
/* End PBXFrameworksBuildPhase section */

/* Begin PBXGroup section */
		444444444444444444444401 = {
			isa = PBXGroup;
			children = (
				A931C8BD303EDCE6002F4806 /* KakawordSubscriptions.storekit */,
				444444444444444444444402 /* PictureWord */,
				D00000000000000000000008 /* PictureWordTests */,
				A931C8BE30407ED6002F4806 /* Frameworks */,
				444444444444444444444403 /* Products */,
				A9C3B4A23045DA8700B00870 /* Recovered References */,
			);
			sourceTree = "<group>";
		};
		444444444444444444444402 /* PictureWord */ = {
			isa = PBXGroup;
			children = (
				444444444444444444444404 /* App */,
				444444444444444444444405 /* Core */,
				444444444444444444444406 /* Features */,
				222222222222222222222208 /* Info.plist */,
				22222222222222222222222D /* Info-Debug.plist */,
				A96C244B303D79F8009BAAFD /* Assets.xcassets */,
			);
			name = PictureWord;
			sourceTree = "<group>";
		};
		444444444444444444444403 /* Products */ = {
			isa = PBXGroup;
			children = (
				222222222222222222222210 /* PictureWord.app */,
				D00000000000000000000005 /* PictureWordTests.xctest */,
			);
			name = Products;
			sourceTree = "<group>";
		};
		444444444444444444444404 /* App */ = {
			isa = PBXGroup;
			children = (
				222222222222222222222201 /* PictureWordApp.swift */,
				222222222222222222222211 /* AppEnvironment.swift */,
				222222222222222222222212 /* AppTheme.swift */,
				22222222222222222222221B /* AppSettings.swift */,
				222222222222222222222223 /* PageHeader.swift */,
				222222222222222222222224 /* PictureWordButton.swift */,
				22222222222222222222222C /* PictureWordTextField.swift */,
				222222222222222222222225 /* PictureWordSheet.swift */,
			);
			path = App;
			sourceTree = "<group>";
		};
		444444444444444444444405 /* Core */ = {
			isa = PBXGroup;
			children = (
				444444444444444444444407 /* Models */,
				444444444444444444444408 /* Networking */,
				444444444444444444444409 /* Persistence */,
				44444444444444444444440A /* Media */,
				444444444444444444444412 /* Purchases */,
			);
			path = Core;
			sourceTree = "<group>";
		};
		444444444444444444444406 /* Features */ = {
			isa = PBXGroup;
			children = (
				444444444444444444444411 /* Onboarding */,
				44444444444444444444440B /* Home */,
				444444444444444444444410 /* Settings */,
				444444444444444444444413 /* Paywall */,
				44444444444444444444440C /* Capture */,
				44444444444444444444440D /* Analysis */,
				44444444444444444444440E /* Result */,
			);
			path = Features;
			sourceTree = "<group>";
		};
		444444444444444444444407 /* Models */ = {
			isa = PBXGroup;
			children = (
				222222222222222222222202 /* AnalyzeModels.swift */,
				22222222222222222222221C /* ContentModels.swift */,
				222222222222222222222213 /* HistoryRecord.swift */,
				22222222222222222222221E /* LearningJourneyModels.swift */,
				222222222222222222222228 /* WordLearningModels.swift */,
			);
			path = Models;
			sourceTree = "<group>";
		};
		444444444444444444444408 /* Networking */ = {
			isa = PBXGroup;
			children = (
				222222222222222222222204 /* APIClient.swift */,
			);
			path = Networking;
			sourceTree = "<group>";
		};
		444444444444444444444409 /* Persistence */ = {
			isa = PBXGroup;
			children = (
				222222222222222222222209 /* HistoryStore.swift */,
				22222222222222222222221F /* LearningJourneyStore.swift */,
				222222222222222222222229 /* WordLearningStore.swift */,
			);
			path = Persistence;
			sourceTree = "<group>";
		};
		44444444444444444444440A /* Media */ = {
			isa = PBXGroup;
			children = (
				222222222222222222222203 /* ImageProcessor.swift */,
				222222222222222222222205 /* SpeechService.swift */,
				222222222222222222222221 /* ShareCardRenderer.swift */,
			);
			path = Media;
			sourceTree = "<group>";
		};
		44444444444444444444440B /* Home */ = {
			isa = PBXGroup;
			children = (
				222222222222222222222207 /* HomeView.swift */,
				222222222222222222222214 /* HistoryRow.swift */,
				22222222222222222222222A /* WordLearningViews.swift */,
				22222222222222222222222B /* WordFilterControls.swift */,
			);
			path = Home;
			sourceTree = "<group>";
		};
		44444444444444444444440C /* Capture */ = {
			isa = PBXGroup;
			children = (
				222222222222222222222206 /* CameraView.swift */,
			);
			path = Capture;
			sourceTree = "<group>";
		};
		44444444444444444444440D /* Analysis */ = {
			isa = PBXGroup;
			children = (
				222222222222222222222215 /* AnalysisViewModel.swift */,
				222222222222222222222216 /* RecognitionFlowView.swift */,
			);
			path = Analysis;
			sourceTree = "<group>";
		};
		44444444444444444444440E /* Result */ = {
			isa = PBXGroup;
			children = (
				222222222222222222222217 /* ResultView.swift */,
				222222222222222222222218 /* AnnotatedImageView.swift */,
				222222222222222222222219 /* AnnotationLayoutEngine.swift */,
				22222222222222222222221A /* WordDetailSheet.swift */,
				222222222222222222222222 /* ShareCardView.swift */,
			);
			path = Result;
			sourceTree = "<group>";
		};
		444444444444444444444410 /* Settings */ = {
			isa = PBXGroup;
			children = (
				22222222222222222222221D /* SettingsView.swift */,
			);
			path = Settings;
			sourceTree = "<group>";
		};
		444444444444444444444411 /* Onboarding */ = {
			isa = PBXGroup;
			children = (
				222222222222222222222220 /* ModeSelectionView.swift */,
			);
			path = Onboarding;
			sourceTree = "<group>";
		};
		444444444444444444444412 /* Purchases */ = {
			isa = PBXGroup;
			children = (
				222222222222222222222226 /* MembershipStore.swift */,
			);
			path = Purchases;
			sourceTree = "<group>";
		};
		444444444444444444444413 /* Paywall */ = {
			isa = PBXGroup;
			children = (
				222222222222222222222227 /* PaywallView.swift */,
			);
			path = Paywall;
			sourceTree = "<group>";
		};
		A931C8BE30407ED6002F4806 /* Frameworks */ = {
			isa = PBXGroup;
			children = (
				A931C8BF30407ED6002F4806 /* StoreKit.framework */,
			);
			name = Frameworks;
			sourceTree = "<group>";
		};
		A9C3B4A23045DA8700B00870 /* Recovered References */ = {
			isa = PBXGroup;
			children = (
				D00000000000000000000004 /* XCTest.framework */,
			);
			name = "Recovered References";
			sourceTree = "<group>";
		};
		D00000000000000000000008 /* PictureWordTests */ = {
			isa = PBXGroup;
			children = (
				D00000000000000000000002 /* WordLearningStoreTests.swift */,
				D00000000000000000000011 /* MembershipStoreTests.swift */,
				D00000000000000000000013 /* AnnotationLayoutEngineTests.swift */,
				D00000000000000000000014 /* AnalysisViewModelTests.swift */,
			);
			path = PictureWordTests;
			sourceTree = "<group>";
		};
/* End PBXGroup section */

/* Begin PBXNativeTarget section */
		555555555555555555555501 /* PictureWord */ = {
			isa = PBXNativeTarget;
			buildConfigurationList = 888888888888888888888801 /* Build configuration list for PBXNativeTarget "PictureWord" */;
			buildPhases = (
				666666666666666666666601 /* Sources */,
				333333333333333333333301 /* Frameworks */,
				777777777777777777777701 /* Resources */,
			);
			buildRules = (
			);
			dependencies = (
			);
			name = PictureWord;
			productName = PictureWord;
			productReference = 222222222222222222222210 /* PictureWord.app */;
			productType = "com.apple.product-type.application";
		};
		D00000000000000000000009 /* PictureWordTests */ = {
			isa = PBXNativeTarget;
			buildConfigurationList = D0000000000000000000000F /* Build configuration list for PBXNativeTarget "PictureWordTests" */;
			buildPhases = (
				D0000000000000000000000A /* Sources */,
				D00000000000000000000007 /* Frameworks */,
			);
			buildRules = (
			);
			dependencies = (
				D0000000000000000000000B /* PBXTargetDependency */,
			);
			name = PictureWordTests;
			productName = PictureWordTests;
			productReference = D00000000000000000000005 /* PictureWordTests.xctest */;
			productType = "com.apple.product-type.bundle.unit-test";
		};
/* End PBXNativeTarget section */

/* Begin PBXProject section */
		999999999999999999999901 /* Project object */ = {
			isa = PBXProject;
			attributes = {
				LastUpgradeCheck = 2600;
				TargetAttributes = {
					555555555555555555555501 = {
						CreatedOnToolsVersion = 26.0;
					};
					D00000000000000000000009 = {
						CreatedOnToolsVersion = 26.0;
						TestTargetID = 555555555555555555555501;
					};
				};
			};
			buildConfigurationList = AAAAAAAAAAAAAAAAAAAAAA01 /* Build configuration list for PBXProject "PictureWord" */;
			compatibilityVersion = "Xcode 16.0";
			developmentRegion = en;
			hasScannedForEncodings = 0;
			knownRegions = (
				en,
				Base,
			);
			mainGroup = 444444444444444444444401;
			productRefGroup = 444444444444444444444403 /* Products */;
			projectDirPath = "";
			projectRoot = "";
			targets = (
				555555555555555555555501 /* PictureWord */,
				D00000000000000000000009 /* PictureWordTests */,
			);
		};
/* End PBXProject section */

/* Begin PBXResourcesBuildPhase section */
		777777777777777777777701 /* Resources */ = {
			isa = PBXResourcesBuildPhase;
			buildActionMask = 2147483647;
			files = (
				A96C244C303D79F8009BAAFD /* Assets.xcassets in Resources */,
			);
			runOnlyForDeploymentPostprocessing = 0;
		};
/* End PBXResourcesBuildPhase section */

/* Begin PBXSourcesBuildPhase section */
		666666666666666666666601 /* Sources */ = {
			isa = PBXSourcesBuildPhase;
			buildActionMask = 2147483647;
			files = (
				111111111111111111111101 /* PictureWordApp.swift in Sources */,
				111111111111111111111102 /* AnalyzeModels.swift in Sources */,
				111111111111111111111103 /* ImageProcessor.swift in Sources */,
				111111111111111111111104 /* APIClient.swift in Sources */,
				111111111111111111111105 /* SpeechService.swift in Sources */,
				111111111111111111111106 /* CameraView.swift in Sources */,
				111111111111111111111107 /* HomeView.swift in Sources */,
				111111111111111111111108 /* HistoryStore.swift in Sources */,
				111111111111111111111109 /* AppEnvironment.swift in Sources */,
				11111111111111111111110A /* AppTheme.swift in Sources */,
				11111111111111111111110B /* HistoryRecord.swift in Sources */,
				11111111111111111111110C /* HistoryRow.swift in Sources */,
				11111111111111111111110D /* AnalysisViewModel.swift in Sources */,
				11111111111111111111110E /* RecognitionFlowView.swift in Sources */,
				11111111111111111111110F /* ResultView.swift in Sources */,
				111111111111111111111110 /* AnnotatedImageView.swift in Sources */,
				111111111111111111111111 /* AnnotationLayoutEngine.swift in Sources */,
				111111111111111111111112 /* WordDetailSheet.swift in Sources */,
				111111111111111111111113 /* AppSettings.swift in Sources */,
				111111111111111111111114 /* ContentModels.swift in Sources */,
				111111111111111111111115 /* SettingsView.swift in Sources */,
				111111111111111111111116 /* LearningJourneyModels.swift in Sources */,
				111111111111111111111117 /* LearningJourneyStore.swift in Sources */,
				111111111111111111111118 /* ModeSelectionView.swift in Sources */,
				111111111111111111111119 /* ShareCardRenderer.swift in Sources */,
				11111111111111111111111A /* ShareCardView.swift in Sources */,
				11111111111111111111111B /* PageHeader.swift in Sources */,
				11111111111111111111111C /* PictureWordButton.swift in Sources */,
				11111111111111111111111D /* PictureWordSheet.swift in Sources */,
				11111111111111111111111E /* MembershipStore.swift in Sources */,
				11111111111111111111111F /* PaywallView.swift in Sources */,
				111111111111111111111120 /* WordLearningModels.swift in Sources */,
				111111111111111111111121 /* WordLearningStore.swift in Sources */,
				111111111111111111111122 /* WordLearningViews.swift in Sources */,
				111111111111111111111123 /* WordFilterControls.swift in Sources */,
				111111111111111111111124 /* PictureWordTextField.swift in Sources */,
			);
			runOnlyForDeploymentPostprocessing = 0;
		};
		D0000000000000000000000A /* Sources */ = {
			isa = PBXSourcesBuildPhase;
			buildActionMask = 2147483647;
			files = (
				D00000000000000000000001 /* WordLearningStoreTests.swift in Sources */,
				D00000000000000000000010 /* MembershipStoreTests.swift in Sources */,
				D00000000000000000000012 /* AnnotationLayoutEngineTests.swift in Sources */,
				D00000000000000000000015 /* AnalysisViewModelTests.swift in Sources */,
			);
			runOnlyForDeploymentPostprocessing = 0;
		};
/* End PBXSourcesBuildPhase section */

/* Begin PBXTargetDependency section */
		D0000000000000000000000B /* PBXTargetDependency */ = {
			isa = PBXTargetDependency;
			target = 555555555555555555555501 /* PictureWord */;
			targetProxy = D00000000000000000000006 /* PBXContainerItemProxy */;
		};
/* End PBXTargetDependency section */

/* Begin XCBuildConfiguration section */
		BBBBBBBBBBBBBBBBBBBBBB01 /* Debug */ = {
			isa = XCBuildConfiguration;
			buildSettings = {
				ASSETCATALOG_COMPILER_APPICON_NAME = AppIcon;
				ASSETCATALOG_COMPILER_INCLUDE_ALL_APPICON_ASSETS = NO;
				CODE_SIGN_IDENTITY = "Apple Development";
				CODE_SIGN_STYLE = Automatic;
				CURRENT_PROJECT_VERSION = 2;
				DEVELOPMENT_TEAM = 7P2JUNKZYQ;
				ENABLE_PREVIEWS = YES;
				ENABLE_TESTABILITY = YES;
				GENERATE_INFOPLIST_FILE = NO;
				INFOPLIST_FILE = "Info-Debug.plist";
				INFOPLIST_KEY_CFBundleDisplayName = "咔咔单词Test";
				INFOPLIST_KEY_LSApplicationCategoryType = "public.app-category.education";
				IPHONEOS_DEPLOYMENT_TARGET = 17.0;
				MARKETING_VERSION = 0.1.2;
				PICTURE_WORD_API_BASE_URL = "http://192.168.64.92:8787";
				PRODUCT_BUNDLE_IDENTIFIER = com.kakaword.app;
				PRODUCT_NAME = "$(TARGET_NAME)";
				PROVISIONING_PROFILE_SPECIFIER = "";
				SDKROOT = iphoneos;
				SUPPORTED_PLATFORMS = "iphoneos iphonesimulator";
				SUPPORTS_MACCATALYST = NO;
				SWIFT_ACTIVE_COMPILATION_CONDITIONS = DEBUG;
				SWIFT_VERSION = 5.0;
				TARGETED_DEVICE_FAMILY = 1;
			};
			name = Debug;
		};
		BBBBBBBBBBBBBBBBBBBBBB02 /* Release */ = {
			isa = XCBuildConfiguration;
			buildSettings = {
				ASSETCATALOG_COMPILER_APPICON_NAME = AppIcon;
				ASSETCATALOG_COMPILER_INCLUDE_ALL_APPICON_ASSETS = NO;
				CODE_SIGN_IDENTITY = "Apple Development";
				CODE_SIGN_STYLE = Automatic;
				CURRENT_PROJECT_VERSION = 2;
				DEVELOPMENT_TEAM = 7P2JUNKZYQ;
				ENABLE_PREVIEWS = YES;
				GENERATE_INFOPLIST_FILE = NO;
				INFOPLIST_FILE = Info.plist;
				INFOPLIST_KEY_CFBundleDisplayName = "咔咔单词";
				INFOPLIST_KEY_LSApplicationCategoryType = "public.app-category.education";
				IPHONEOS_DEPLOYMENT_TARGET = 17.0;
				MARKETING_VERSION = 0.1.2;
				PICTURE_WORD_API_BASE_URL = "https://api.kakaword.com";
				PRODUCT_BUNDLE_IDENTIFIER = com.kakaword.app;
				PRODUCT_NAME = "$(TARGET_NAME)";
				PROVISIONING_PROFILE_SPECIFIER = "";
				SDKROOT = iphoneos;
				SUPPORTED_PLATFORMS = "iphoneos iphonesimulator";
				SUPPORTS_MACCATALYST = NO;
				SWIFT_VERSION = 5.0;
				TARGETED_DEVICE_FAMILY = 1;
			};
			name = Release;
		};
		CCCCCCCCCCCCCCCCCCCCCC01 /* Debug */ = {
			isa = XCBuildConfiguration;
			buildSettings = {
				ALWAYS_SEARCH_USER_PATHS = NO;
				CLANG_ENABLE_MODULES = YES;
				SWIFT_OPTIMIZATION_LEVEL = "-Onone";
			};
			name = Debug;
		};
		CCCCCCCCCCCCCCCCCCCCCC02 /* Release */ = {
			isa = XCBuildConfiguration;
			buildSettings = {
				ALWAYS_SEARCH_USER_PATHS = NO;
				CLANG_ENABLE_MODULES = YES;
				SWIFT_COMPILATION_MODE = wholemodule;
				SWIFT_OPTIMIZATION_LEVEL = "-O";
			};
			name = Release;
		};
		D0000000000000000000000C /* Debug */ = {
			isa = XCBuildConfiguration;
			buildSettings = {
				BUNDLE_LOADER = "$(TEST_HOST)";
				CODE_SIGN_STYLE = Automatic;
				DEVELOPMENT_TEAM = 7P2JUNKZYQ;
				GENERATE_INFOPLIST_FILE = YES;
				IPHONEOS_DEPLOYMENT_TARGET = 17.0;
				PRODUCT_BUNDLE_IDENTIFIER = com.kakaword.app.tests;
				PRODUCT_NAME = "$(TARGET_NAME)";
				SDKROOT = iphoneos;
				SUPPORTED_PLATFORMS = "iphoneos iphonesimulator";
				SWIFT_VERSION = 5.0;
				TARGETED_DEVICE_FAMILY = 1;
				TEST_HOST = "$(BUILT_PRODUCTS_DIR)/PictureWord.app/$(BUNDLE_EXECUTABLE_FOLDER_PATH)/PictureWord";
			};
			name = Debug;
		};
		D0000000000000000000000D /* Release */ = {
			isa = XCBuildConfiguration;
			buildSettings = {
				BUNDLE_LOADER = "$(TEST_HOST)";
				CODE_SIGN_STYLE = Automatic;
				DEVELOPMENT_TEAM = 7P2JUNKZYQ;
				GENERATE_INFOPLIST_FILE = YES;
				IPHONEOS_DEPLOYMENT_TARGET = 17.0;
				PRODUCT_BUNDLE_IDENTIFIER = com.kakaword.app.tests;
				PRODUCT_NAME = "$(TARGET_NAME)";
				SDKROOT = iphoneos;
				SUPPORTED_PLATFORMS = "iphoneos iphonesimulator";
				SWIFT_VERSION = 5.0;
				TARGETED_DEVICE_FAMILY = 1;
				TEST_HOST = "$(BUILT_PRODUCTS_DIR)/PictureWord.app/$(BUNDLE_EXECUTABLE_FOLDER_PATH)/PictureWord";
			};
			name = Release;
		};
/* End XCBuildConfiguration section */

/* Begin XCConfigurationList section */
		888888888888888888888801 /* Build configuration list for PBXNativeTarget "PictureWord" */ = {
			isa = XCConfigurationList;
			buildConfigurations = (
				BBBBBBBBBBBBBBBBBBBBBB01 /* Debug */,
				BBBBBBBBBBBBBBBBBBBBBB02 /* Release */,
			);
			defaultConfigurationIsVisible = 0;
			defaultConfigurationName = Release;
		};
		AAAAAAAAAAAAAAAAAAAAAA01 /* Build configuration list for PBXProject "PictureWord" */ = {
			isa = XCConfigurationList;
			buildConfigurations = (
				CCCCCCCCCCCCCCCCCCCCCC01 /* Debug */,
				CCCCCCCCCCCCCCCCCCCCCC02 /* Release */,
			);
			defaultConfigurationIsVisible = 0;
			defaultConfigurationName = Release;
		};
		D0000000000000000000000F /* Build configuration list for PBXNativeTarget "PictureWordTests" */ = {
			isa = XCConfigurationList;
			buildConfigurations = (
				D0000000000000000000000C /* Debug */,
				D0000000000000000000000D /* Release */,
			);
			defaultConfigurationIsVisible = 0;
			defaultConfigurationName = Release;
		};
/* End XCConfigurationList section */
	};
	rootObject = 999999999999999999999901 /* Project object */;
}
